
Microsoft Visual Studio Solution File, Format Version 12.00
# Visual Studio Version 16
VisualStudioVersion = 16.0.31729.503
MinimumVisualStudioVersion = 10.0.40219.1
Project("{FAE04EC0-301F-11D3-BF4B-00C04F79EFBC}") = "Binder", "Binder\Binder.csproj", "{6A7A4759-2F19-485E-856A-A35364C2C30E}"
EndProject
Project("{FAE04EC0-301F-11D3-BF4B-00C04F79EFBC}") = "Updater", "Updater\Updater.csproj", "{0E9D2CC4-7A2B-47CE-AC32-FDE64FC31C2C}"
EndProject
Global
	GlobalSection(SolutionConfigurationPlatforms) = preSolution
		Debug|Any CPU = Debug|Any CPU
		Release|Any CPU = Release|Any CPU
	EndGlobalSection
	GlobalSection(ProjectConfigurationPlatforms) = postSolution
		{6A7A4759-2F19-485E-856A-A35364C2C30E}.Debug|Any CPU.ActiveCfg = Debug|Any CPU
		{6A7A4759-2F19-485E-856A-A35364C2C30E}.Debug|Any CPU.Build.0 = Debug|Any CPU
		{6A7A4759-2F19-485E-856A-A35364C2C30E}.Release|Any CPU.ActiveCfg = Release|Any CPU
		{6A7A4759-2F19-485E-856A-A35364C2C30E}.Release|Any CPU.Build.0 = Release|Any CPU
		{0E9D2CC4-7A2B-47CE-AC32-FDE64FC31C2C}.Debug|Any CPU.ActiveCfg = Debug|Any CPU
		{0E9D2CC4-7A2B-47CE-AC32-FDE64FC31C2C}.Debug|Any CPU.Build.0 = Debug|Any CPU
		{0E9D2CC4-7A2B-47CE-AC32-FDE64FC31C2C}.Release|Any CPU.ActiveCfg = Release|Any CPU
		{0E9D2CC4-7A2B-47CE-AC32-FDE64FC31C2C}.Release|Any CPU.Build.0 = Release|Any CPU
	EndGlobalSection
	GlobalSection(SolutionProperties) = preSolution
		HideSolutionNode = FALSE
	EndGlobalSection
	GlobalSection(ExtensibilityGlobals) = postSolution
		SolutionGuid = {91A19DE0-E326-45A8-9CB8-054286C8CCB9}
	EndGlobalSection
EndGlobal
